
Microsoft Visual Studio Solution File, Format Version 12.00
# Visual Studio Version 17
VisualStudioVersion = 17.10.35004.147
MinimumVisualStudioVersion = 10.0.40219.1
Project("{FAE04EC0-301F-11D3-BF4B-00C04F79EFBC}") = "ProductManagement", "ProductManagement\ProductManagement.csproj", "{32A48E89-EFE2-4034-9327-B1A37A0803F4}"
EndProject
Global
	GlobalSection(SolutionConfigurationPlatforms) = preSolution
		Debug|Any CPU = Debug|Any CPU
		Release|Any CPU = Release|Any CPU
	EndGlobalSection
	GlobalSection(ProjectConfigurationPlatforms) = postSolution
		{32A48E89-EFE2-4034-9327-B1A37A0803F4}.Debug|Any CPU.ActiveCfg = Debug|Any CPU
		{32A48E89-EFE2-4034-9327-B1A37A0803F4}.Debug|Any CPU.Build.0 = Debug|Any CPU
		{32A48E89-EFE2-4034-9327-B1A37A0803F4}.Release|Any CPU.ActiveCfg = Release|Any CPU
		{32A48E89-EFE2-4034-9327-B1A37A0803F4}.Release|Any CPU.Build.0 = Release|Any CPU
	EndGlobalSection
	GlobalSection(SolutionProperties) = preSolution
		HideSolutionNode = FALSE
	EndGlobalSection
	GlobalSection(ExtensibilityGlobals) = postSolution
		SolutionGuid = {7155DAFD-6BA8-40CB-92D5-DEA050AEBB1A}
	EndGlobalSection
EndGlobal
